Microsoft Visual Studio Solution File, Format Version 12.00
# Visual Studio Version 17
VisualStudioVersion = 17.5.2.0
MinimumVisualStudioVersion = 10.0.40219.1
Project("{2150E333-8FDC-42A3-9474-1A3956D46DE8}") = "csharp-exercises", "csharp-exercises", "{8A85A7B5-5A45-02E2-2975-D52C649AD628}"
EndProject
Project("{FAE04EC0-301F-11D3-BF4B-00C04F79EFBC}") = "HelloWorldApp", "csharp-exercises\HelloWorldApp\HelloWorldApp.csproj", "{378A1C2C-10A8-B334-B9A0-7D198BF17F90}"
EndProject
Global
	GlobalSection(SolutionConfigurationPlatforms) = preSolution
		Debug|Any CPU = Debug|Any CPU
		Release|Any CPU = Release|Any CPU
	EndGlobalSection
	GlobalSection(ProjectConfigurationPlatforms) = postSolution
		{378A1C2C-10A8-B334-B9A0-7D198BF17F90}.Debug|Any CPU.ActiveCfg = Debug|Any CPU
		{378A1C2C-10A8-B334-B9A0-7D198BF17F90}.Debug|Any CPU.Build.0 = Debug|Any CPU
		{378A1C2C-10A8-B334-B9A0-7D198BF17F90}.Release|Any CPU.ActiveCfg = Release|Any CPU
		{378A1C2C-10A8-B334-B9A0-7D198BF17F90}.Release|Any CPU.Build.0 = Release|Any CPU
	EndGlobalSection
	GlobalSection(SolutionProperties) = preSolution
		HideSolutionNode = FALSE
	EndGlobalSection
	GlobalSection(NestedProjects) = preSolution
		{378A1C2C-10A8-B334-B9A0-7D198BF17F90} = {8A85A7B5-5A45-02E2-2975-D52C649AD628}
	EndGlobalSection
	GlobalSection(ExtensibilityGlobals) = postSolution
		SolutionGuid = {80418832-8260-41F0-900A-88872B883438}
	EndGlobalSection
EndGlobal
